
Microsoft Visual Studio Solution File, Format Version 12.00
# Visual Studio Version 16
VisualStudioVersion = 16.0.32510.428
MinimumVisualStudioVersion = 10.0.40219.1
Project("{9A19103F-16F7-4668-BE54-9A1E7A4F7556}") = "Koben.IPRestrictor.Web", "Koben.IPRestrictor.Web\Koben.IPRestrictor.Web.csproj", "{9B6634DA-8D87-4DE2-996F-7DAD60C53671}"
EndProject
Project("{9A19103F-16F7-4668-BE54-9A1E7A4F7556}") = "Koben.IPRestrictor.Core", "Koben.IPRestrictor.Core\Koben.IPRestrictor.Core.csproj", "{512B85AD-2385-4FD4-AE49-22E6F70CD481}"
EndProject
Project("{FAE04EC0-301F-11D3-BF4B-00C04F79EFBC}") = "Koben.IPRestrictor.Editor", "Koben.IPRestrictor.Editor\Koben.IPRestrictor.Editor.csproj", "{5C575EC3-2FA2-4B3B-A6BC-FEDBA73F1477}"
EndProject
Global
	GlobalSection(SolutionConfigurationPlatforms) = preSolution
		Debug|Any CPU = Debug|Any CPU
		Release|Any CPU = Release|Any CPU
	EndGlobalSection
	GlobalSection(ProjectConfigurationPlatforms) = postSolution
		{9B6634DA-8D87-4DE2-996F-7DAD60C53671}.Debug|Any CPU.ActiveCfg = Debug|Any CPU
		{9B6634DA-8D87-4DE2-996F-7DAD60C53671}.Debug|Any CPU.Build.0 = Debug|Any CPU
		{9B6634DA-8D87-4DE2-996F-7DAD60C53671}.Release|Any CPU.ActiveCfg = Release|Any CPU
		{9B6634DA-8D87-4DE2-996F-7DAD60C53671}.Release|Any CPU.Build.0 = Release|Any CPU
		{512B85AD-2385-4FD4-AE49-22E6F70CD481}.Debug|Any CPU.ActiveCfg = Debug|Any CPU
		{512B85AD-2385-4FD4-AE49-22E6F70CD481}.Debug|Any CPU.Build.0 = Debug|Any CPU
		{512B85AD-2385-4FD4-AE49-22E6F70CD481}.Release|Any CPU.ActiveCfg = Release|Any CPU
		{512B85AD-2385-4FD4-AE49-22E6F70CD481}.Release|Any CPU.Build.0 = Release|Any CPU
		{5C575EC3-2FA2-4B3B-A6BC-FEDBA73F1477}.Debug|Any CPU.ActiveCfg = Debug|Any CPU
		{5C575EC3-2FA2-4B3B-A6BC-FEDBA73F1477}.Debug|Any CPU.Build.0 = Debug|Any CPU
		{5C575EC3-2FA2-4B3B-A6BC-FEDBA73F1477}.Release|Any CPU.ActiveCfg = Release|Any CPU
		{5C575EC3-2FA2-4B3B-A6BC-FEDBA73F1477}.Release|Any CPU.Build.0 = Release|Any CPU
	EndGlobalSection
	GlobalSection(SolutionProperties) = preSolution
		HideSolutionNode = FALSE
	EndGlobalSection
	GlobalSection(ExtensibilityGlobals) = postSolution
		SolutionGuid = {A78DD5B3-E1EE-49FC-9EA2-CEE67129C10C}
	EndGlobalSection
EndGlobal
